
Microsoft Visual Studio Solution File, Format Version 12.00
# Visual Studio Version 16
VisualStudioVersion = 16.0.30804.86
MinimumVisualStudioVersion = 10.0.40219.1
Project("{9A19103F-16F7-4668-BE54-9A1E7A4F7556}") = "AdoRepository", "AdoRepository\AdoRepository.csproj", "{F6C48436-263C-4C7D-84E8-6749A0D5EEFB}"
EndProject
Project("{FAE04EC0-301F-11D3-BF4B-00C04F79EFBC}") = "AdoRepository.Sample", "AdoRepository.Sample\AdoRepository.Sample.csproj", "{18BF6987-3251-4AB9-9027-0BADB94C60B2}"
EndProject
Global
	GlobalSection(SolutionConfigurationPlatforms) = preSolution
		Debug|Any CPU = Debug|Any CPU
		Release|Any CPU = Release|Any CPU
	EndGlobalSection
	GlobalSection(ProjectConfigurationPlatforms) = postSolution
		{F6C48436-263C-4C7D-84E8-6749A0D5EEFB}.Debug|Any CPU.ActiveCfg = Debug|Any CPU
		{F6C48436-263C-4C7D-84E8-6749A0D5EEFB}.Debug|Any CPU.Build.0 = Debug|Any CPU
		{F6C48436-263C-4C7D-84E8-6749A0D5EEFB}.Release|Any CPU.ActiveCfg = Release|Any CPU
		{F6C48436-263C-4C7D-84E8-6749A0D5EEFB}.Release|Any CPU.Build.0 = Release|Any CPU
		{18BF6987-3251-4AB9-9027-0BADB94C60B2}.Debug|Any CPU.ActiveCfg = Debug|Any CPU
		{18BF6987-3251-4AB9-9027-0BADB94C60B2}.Debug|Any CPU.Build.0 = Debug|Any CPU
		{18BF6987-3251-4AB9-9027-0BADB94C60B2}.Release|Any CPU.ActiveCfg = Release|Any CPU
		{18BF6987-3251-4AB9-9027-0BADB94C60B2}.Release|Any CPU.Build.0 = Release|Any CPU
	EndGlobalSection
	GlobalSection(SolutionProperties) = preSolution
		HideSolutionNode = FALSE
	EndGlobalSection
	GlobalSection(ExtensibilityGlobals) = postSolution
		SolutionGuid = {6A5D9939-2882-4A23-A90A-30E350CC5FD2}
	EndGlobalSection
EndGlobal
